
Microsoft Visual Studio Solution File, Format Version 12.00
# Visual Studio Version 17
VisualStudioVersion = 17.0.32112.339
MinimumVisualStudioVersion = 10.0.40219.1
Project("{9A19103F-16F7-4668-BE54-9A1E7A4F7556}") = "FineDataFlow.Engine.FileLineReader", "FineDataFlow.Engine.FileLineReader\FineDataFlow.Engine.FileLineReader.csproj", "{1746955A-0439-4282-BA15-BCA6822E3126}"
EndProject
Project("{9A19103F-16F7-4668-BE54-9A1E7A4F7556}") = "FineDataFlow.Engine.FileLineReader.Tests", "FineDataFlow.Engine.FileLineReader.Tests\FineDataFlow.Engine.FileLineReader.Tests.csproj", "{FA1753E8-C1D6-4255-8FFF-E974DB065710}"
EndProject
Global
	GlobalSection(SolutionConfigurationPlatforms) = preSolution
		Debug|Any CPU = Debug|Any CPU
		Release|Any CPU = Release|Any CPU
	EndGlobalSection
	GlobalSection(ProjectConfigurationPlatforms) = postSolution
		{1746955A-0439-4282-BA15-BCA6822E3126}.Debug|Any CPU.ActiveCfg = Debug|Any CPU
		{1746955A-0439-4282-BA15-BCA6822E3126}.Debug|Any CPU.Build.0 = Debug|Any CPU
		{1746955A-0439-4282-BA15-BCA6822E3126}.Release|Any CPU.ActiveCfg = Release|Any CPU
		{1746955A-0439-4282-BA15-BCA6822E3126}.Release|Any CPU.Build.0 = Release|Any CPU
		{FA1753E8-C1D6-4255-8FFF-E974DB065710}.Debug|Any CPU.ActiveCfg = Debug|Any CPU
		{FA1753E8-C1D6-4255-8FFF-E974DB065710}.Debug|Any CPU.Build.0 = Debug|Any CPU
		{FA1753E8-C1D6-4255-8FFF-E974DB065710}.Release|Any CPU.ActiveCfg = Release|Any CPU
		{FA1753E8-C1D6-4255-8FFF-E974DB065710}.Release|Any CPU.Build.0 = Release|Any CPU
	EndGlobalSection
	GlobalSection(SolutionProperties) = preSolution
		HideSolutionNode = FALSE
	EndGlobalSection
	GlobalSection(ExtensibilityGlobals) = postSolution
		SolutionGuid = {9FCCD49E-B597-481A-B9BE-551E40AF3802}
	EndGlobalSection
EndGlobal
